Microsoft Visual Studio Solution File, Format Version 7.00
Project("{8BC9CEB8-8B4A-11D0-8D11-00A0C91BC942}") = "MAME", "MAME\MAME.NET.vcproj", "{6F3BF3B3-58D7-4783-8AF7-0C6D445266EB}"
EndProject
Project("{8BC9CEB8-8B4A-11D0-8D11-00A0C91BC942}") = "MAMEoX", "MAMEoX\MAMEoX.NET.vcproj", "{A5CE2025-F0F4-45C5-B29D-1DE92417DB8F}"
EndProject
Project("{8BC9CEB8-8B4A-11D0-8D11-00A0C91BC942}") = "ZLIB", "ZLIB\ZLIB.NET.vcproj", "{29CD255B-0DEA-4260-B504-527BF5E5ED4A}"
EndProject
Project("{8BC9CEB8-8B4A-11D0-8D11-00A0C91BC942}") = "MAMEoXLauncher", "MAMEoXLauncher\MAMEoXLauncher.NET.vcproj", "{BEC3062C-78B0-4B2D-BE06-4177F71981BE}"
EndProject
Project("{8BC9CEB8-8B4A-11D0-8D11-00A0C91BC942}") = "libsmb", "libsmb++\libsmb.NET.vcproj", "{6E91E5AE-9076-483E-9728-28D12259AA17}"
EndProject
Global
	GlobalSection(SolutionConfiguration) = preSolution
		ConfigName.0 = Debug
		ConfigName.1 = Release
	EndGlobalSection
	GlobalSection(ProjectDependencies) = postSolution
		{A5CE2025-F0F4-45C5-B29D-1DE92417DB8F}.0 = {6E91E5AE-9076-483E-9728-28D12259AA17}
		{A5CE2025-F0F4-45C5-B29D-1DE92417DB8F}.1 = {6F3BF3B3-58D7-4783-8AF7-0C6D445266EB}
		{BEC3062C-78B0-4B2D-BE06-4177F71981BE}.0 = {6E91E5AE-9076-483E-9728-28D12259AA17}
	EndGlobalSection
	GlobalSection(ProjectConfiguration) = postSolution
		{6F3BF3B3-58D7-4783-8AF7-0C6D445266EB}.Debug.ActiveCfg = Debug|Xbox
		{6F3BF3B3-58D7-4783-8AF7-0C6D445266EB}.Debug.Build.0 = Debug|Xbox
		{6F3BF3B3-58D7-4783-8AF7-0C6D445266EB}.Release.ActiveCfg = Release|Xbox
		{6F3BF3B3-58D7-4783-8AF7-0C6D445266EB}.Release.Build.0 = Release|Xbox
		{A5CE2025-F0F4-45C5-B29D-1DE92417DB8F}.Debug.ActiveCfg = Debug|Xbox
		{A5CE2025-F0F4-45C5-B29D-1DE92417DB8F}.Debug.Build.0 = Debug|Xbox
		{A5CE2025-F0F4-45C5-B29D-1DE92417DB8F}.Release.ActiveCfg = Release|Xbox
		{A5CE2025-F0F4-45C5-B29D-1DE92417DB8F}.Release.Build.0 = Release|Xbox
		{29CD255B-0DEA-4260-B504-527BF5E5ED4A}.Debug.ActiveCfg = Release|Xbox
		{29CD255B-0DEA-4260-B504-527BF5E5ED4A}.Debug.Build.0 = Release|Xbox
		{29CD255B-0DEA-4260-B504-527BF5E5ED4A}.Release.ActiveCfg = Release|Xbox
		{29CD255B-0DEA-4260-B504-527BF5E5ED4A}.Release.Build.0 = Release|Xbox
		{BEC3062C-78B0-4B2D-BE06-4177F71981BE}.Debug.ActiveCfg = Debug|Xbox
		{BEC3062C-78B0-4B2D-BE06-4177F71981BE}.Debug.Build.0 = Debug|Xbox
		{BEC3062C-78B0-4B2D-BE06-4177F71981BE}.Release.ActiveCfg = Release|Xbox
		{BEC3062C-78B0-4B2D-BE06-4177F71981BE}.Release.Build.0 = Release|Xbox
		{6E91E5AE-9076-483E-9728-28D12259AA17}.Debug.ActiveCfg = Debug|Xbox
		{6E91E5AE-9076-483E-9728-28D12259AA17}.Debug.Build.0 = Debug|Xbox
		{6E91E5AE-9076-483E-9728-28D12259AA17}.Release.ActiveCfg = Release|Xbox
		{6E91E5AE-9076-483E-9728-28D12259AA17}.Release.Build.0 = Release|Xbox
	EndGlobalSection
	GlobalSection(ExtensibilityGlobals) = postSolution
	EndGlobalSection
	GlobalSection(ExtensibilityAddIns) = postSolution
	EndGlobalSection
EndGlobal
